{
  "name": "Linny-R",
  "version": "3.0.10",
  "lockfileVersion": 3,
  "requires": true,
  "packages": {
    "": {
      "version": "3.0.10",
      "hasInstallScript": true,
      "license": "MIT",
      "dependencies": {
        "@xmldom/xmldom": ">=0.9.12"
      }
    },
    "node_modules/@xmldom/xmldom": {
      "version": "0.9.12",
      "resolved": "https://registry.npmjs.org/@xmldom/xmldom/-/xmldom-0.9.12.tgz",
      "integrity": "sha512-5AXjrcMClTryPe9LgZrygpB1lj7s0S9E0+W+AHaVKAVyHanafK86iPSvG5xHVSp/jC+VH1UXu0TAEmY279xH7A==",
      "license": "MIT",
      "engines": {
        "node": ">=14.6"
      }
    }
  }
}
