{
  "name": "linny-r",
  "version": "1.3.0",
  "lockfileVersion": 2,
  "requires": true,
  "packages": {
    "": {
      "name": "linny-r",
      "version": "1.3.0",
      "hasInstallScript": true,
      "license": "MIT",
      "dependencies": {
        "@xmldom/xmldom": ">=0.8.2"
      }
    },
    "node_modules/@xmldom/xmldom": {
      "version": "0.8.7",
      "resolved": "https://registry.npmjs.org/@xmldom/xmldom/-/xmldom-0.8.7.tgz",
      "integrity": "sha512-sI1Ly2cODlWStkINzqGrZ8K6n+MTSbAeQnAipGyL+KZCXuHaRlj2gyyy8B/9MvsFFqN7XHryQnB2QwhzvJXovg==",
      "engines": {
        "node": ">=10.0.0"
      }
    }
  },
  "dependencies": {
    "@xmldom/xmldom": {
      "version": "0.8.7",
      "resolved": "https://registry.npmjs.org/@xmldom/xmldom/-/xmldom-0.8.7.tgz",
      "integrity": "sha512-sI1Ly2cODlWStkINzqGrZ8K6n+MTSbAeQnAipGyL+KZCXuHaRlj2gyyy8B/9MvsFFqN7XHryQnB2QwhzvJXovg=="
    }
  }
}
